
Microsoft Visual Studio Solution File, Format Version 12.00
# Visual Studio Version 17
VisualStudioVersion = 17.7.34221.43
MinimumVisualStudioVersion = 10.0.40219.1
Project("{FAE04EC0-301F-11D3-BF4B-00C04F79EFBC}") = "GenKeysSteem", "GenKeysSteem\GenKeysSteem.csproj", "{BD7957F7-24B5-4CE3-AF87-99562C4A3883}"
EndProject
Global
	GlobalSection(SolutionConfigurationPlatforms) = preSolution
		Debug|Any CPU = Debug|Any CPU
		Release|Any CPU = Release|Any CPU
	EndGlobalSection
	GlobalSection(ProjectConfigurationPlatforms) = postSolution
		{BD7957F7-24B5-4CE3-AF87-99562C4A3883}.Debug|Any CPU.ActiveCfg = Debug|Any CPU
		{BD7957F7-24B5-4CE3-AF87-99562C4A3883}.Debug|Any CPU.Build.0 = Debug|Any CPU
		{BD7957F7-24B5-4CE3-AF87-99562C4A3883}.Release|Any CPU.ActiveCfg = Release|Any CPU
		{BD7957F7-24B5-4CE3-AF87-99562C4A3883}.Release|Any CPU.Build.0 = Release|Any CPU
	EndGlobalSection
	GlobalSection(SolutionProperties) = preSolution
		HideSolutionNode = FALSE
	EndGlobalSection
	GlobalSection(ExtensibilityGlobals) = postSolution
		SolutionGuid = {93C2BA38-A3E4-4F2A-B1EB-0903B15B541E}
	EndGlobalSection
EndGlobal
